
Microsoft Visual Studio Solution File, Format Version 12.00
# Visual Studio Version 17
VisualStudioVersion = 17.14.37012.4 d17.14
MinimumVisualStudioVersion = 10.0.40219.1
Project("{FAE04EC0-301F-11D3-BF4B-00C04F79EFBC}") = "UniverseSocketServer", "UniverseSocketServer.csproj", "{CA9CA5CD-50B3-4794-8047-8851B2E96239}"
EndProject
Global
	GlobalSection(SolutionConfigurationPlatforms) = preSolution
		Debug|Any CPU = Debug|Any CPU
		Release|Any CPU = Release|Any CPU
	EndGlobalSection
	GlobalSection(ProjectConfigurationPlatforms) = postSolution
		{CA9CA5CD-50B3-4794-8047-8851B2E96239}.Debug|Any CPU.ActiveCfg = Debug|Any CPU
		{CA9CA5CD-50B3-4794-8047-8851B2E96239}.Debug|Any CPU.Build.0 = Debug|Any CPU
		{CA9CA5CD-50B3-4794-8047-8851B2E96239}.Release|Any CPU.ActiveCfg = Release|Any CPU
		{CA9CA5CD-50B3-4794-8047-8851B2E96239}.Release|Any CPU.Build.0 = Release|Any CPU
	EndGlobalSection
	GlobalSection(SolutionProperties) = preSolution
		HideSolutionNode = FALSE
	EndGlobalSection
	GlobalSection(ExtensibilityGlobals) = postSolution
		SolutionGuid = {65E6C39B-328F-4E5E-8E0F-4319267E82BC}
	EndGlobalSection
EndGlobal
